
Microsoft Visual Studio Solution File, Format Version 12.00
# Visual Studio Version 16
VisualStudioVersion = 16.0.30011.22
MinimumVisualStudioVersion = 10.0.40219.1
Project("{FAE04EC0-301F-11D3-BF4B-00C04F79EFBC}") = "Entities", "Entities\Entities.csproj", "{DB505D82-8822-4904-80F8-875B1C9482A8}"
EndProject
Project("{FAE04EC0-301F-11D3-BF4B-00C04F79EFBC}") = "DataAccess", "DataAccess\DataAccess.csproj", "{9E738937-D12D-4BFB-9346-4F06C2D2C7AF}"
EndProject
Project("{FAE04EC0-301F-11D3-BF4B-00C04F79EFBC}") = "Business", "Business\Business.csproj", "{91F6B175-3E21-4202-8B0E-D274E33B5B32}"
EndProject
Project("{FAE04EC0-301F-11D3-BF4B-00C04F79EFBC}") = "Core", "Core\Core.csproj", "{5F6C1889-38BA-4D91-B87B-4A79B21EA113}"
EndProject
Project("{FAE04EC0-301F-11D3-BF4B-00C04F79EFBC}") = "WebApi", "WebApi\WebApi.csproj", "{351E0AB0-E036-4107-A13B-71E7B4AC637A}"
EndProject
Global
	GlobalSection(SolutionConfigurationPlatforms) = preSolution
		Debug|Any CPU = Debug|Any CPU
		Release|Any CPU = Release|Any CPU
	EndGlobalSection
	GlobalSection(ProjectConfigurationPlatforms) = postSolution
		{DB505D82-8822-4904-80F8-875B1C9482A8}.Debug|Any CPU.ActiveCfg = Debug|Any CPU
		{DB505D82-8822-4904-80F8-875B1C9482A8}.Debug|Any CPU.Build.0 = Debug|Any CPU
		{DB505D82-8822-4904-80F8-875B1C9482A8}.Release|Any CPU.ActiveCfg = Release|Any CPU
		{DB505D82-8822-4904-80F8-875B1C9482A8}.Release|Any CPU.Build.0 = Release|Any CPU
		{9E738937-D12D-4BFB-9346-4F06C2D2C7AF}.Debug|Any CPU.ActiveCfg = Debug|Any CPU
		{9E738937-D12D-4BFB-9346-4F06C2D2C7AF}.Debug|Any CPU.Build.0 = Debug|Any CPU
		{9E738937-D12D-4BFB-9346-4F06C2D2C7AF}.Release|Any CPU.ActiveCfg = Release|Any CPU
		{9E738937-D12D-4BFB-9346-4F06C2D2C7AF}.Release|Any CPU.Build.0 = Release|Any CPU
		{91F6B175-3E21-4202-8B0E-D274E33B5B32}.Debug|Any CPU.ActiveCfg = Debug|Any CPU
		{91F6B175-3E21-4202-8B0E-D274E33B5B32}.Debug|Any CPU.Build.0 = Debug|Any CPU
		{91F6B175-3E21-4202-8B0E-D274E33B5B32}.Release|Any CPU.ActiveCfg = Release|Any CPU
		{91F6B175-3E21-4202-8B0E-D274E33B5B32}.Release|Any CPU.Build.0 = Release|Any CPU
		{5F6C1889-38BA-4D91-B87B-4A79B21EA113}.Debug|Any CPU.ActiveCfg = Debug|Any CPU
		{5F6C1889-38BA-4D91-B87B-4A79B21EA113}.Debug|Any CPU.Build.0 = Debug|Any CPU
		{5F6C1889-38BA-4D91-B87B-4A79B21EA113}.Release|Any CPU.ActiveCfg = Release|Any CPU
		{5F6C1889-38BA-4D91-B87B-4A79B21EA113}.Release|Any CPU.Build.0 = Release|Any CPU
		{351E0AB0-E036-4107-A13B-71E7B4AC637A}.Debug|Any CPU.ActiveCfg = Debug|Any CPU
		{351E0AB0-E036-4107-A13B-71E7B4AC637A}.Debug|Any CPU.Build.0 = Debug|Any CPU
		{351E0AB0-E036-4107-A13B-71E7B4AC637A}.Release|Any CPU.ActiveCfg = Release|Any CPU
		{351E0AB0-E036-4107-A13B-71E7B4AC637A}.Release|Any CPU.Build.0 = Release|Any CPU
	EndGlobalSection
	GlobalSection(SolutionProperties) = preSolution
		HideSolutionNode = FALSE
	EndGlobalSection
	GlobalSection(ExtensibilityGlobals) = postSolution
		SolutionGuid = {4EFBE00B-86E1-48AB-A79F-7D2DED2696F8}
	EndGlobalSection
EndGlobal
